Microsoft Visual Studio Solution File, Format Version 11.00
# Visual Studio 2008

Project("{6A9DD196-DA8B-6365-669B-8A570B7A4145}") = "Unity-Quick-Tips", "Assembly-CSharp-firstpass-vs.csproj", "{C19288CD-057D-E201-9B50-08D6377CA5F6}"
EndProject
Project("{6A9DD196-DA8B-6365-669B-8A570B7A4145}") = "Unity-Quick-Tips", "Assembly-CSharp-vs.csproj", "{C76581E1-4B20-3E97-EB25-BEE81888AB7E}"
EndProject
Project("{6A9DD196-DA8B-6365-669B-8A570B7A4145}") = "Unity-Quick-Tips", "Assembly-CSharp-Editor-vs.csproj", "{511347F1-1F3F-624E-55DD-12C338C1B2DD}"
EndProject
Global
	GlobalSection(SolutionConfigurationPlatforms) = preSolution
		Debug|Any CPU = Debug|Any CPU
		Release|Any CPU = Release|Any CPU
	EndGlobalSection
	GlobalSection(ProjectConfigurationPlatforms) = postSolution
		{C19288CD-057D-E201-9B50-08D6377CA5F6}.Debug|Any CPU.ActiveCfg = Debug|Any CPU
		{C19288CD-057D-E201-9B50-08D6377CA5F6}.Debug|Any CPU.Build.0 = Debug|Any CPU
		{C19288CD-057D-E201-9B50-08D6377CA5F6}.Release|Any CPU.ActiveCfg = Release|Any CPU
		{C19288CD-057D-E201-9B50-08D6377CA5F6}.Release|Any CPU.Build.0 = Release|Any CPU
		{C76581E1-4B20-3E97-EB25-BEE81888AB7E}.Debug|Any CPU.ActiveCfg = Debug|Any CPU
		{C76581E1-4B20-3E97-EB25-BEE81888AB7E}.Debug|Any CPU.Build.0 = Debug|Any CPU
		{C76581E1-4B20-3E97-EB25-BEE81888AB7E}.Release|Any CPU.ActiveCfg = Release|Any CPU
		{C76581E1-4B20-3E97-EB25-BEE81888AB7E}.Release|Any CPU.Build.0 = Release|Any CPU
		{511347F1-1F3F-624E-55DD-12C338C1B2DD}.Debug|Any CPU.ActiveCfg = Debug|Any CPU
		{511347F1-1F3F-624E-55DD-12C338C1B2DD}.Debug|Any CPU.Build.0 = Debug|Any CPU
		{511347F1-1F3F-624E-55DD-12C338C1B2DD}.Release|Any CPU.ActiveCfg = Release|Any CPU
		{511347F1-1F3F-624E-55DD-12C338C1B2DD}.Release|Any CPU.Build.0 = Release|Any CPU
	EndGlobalSection
	GlobalSection(SolutionProperties) = preSolution
		HideSolutionNode = FALSE
	EndGlobalSection
												GlobalSection(MonoDevelopProperties) = preSolution
		StartupItem = Assembly-CSharp.csproj
		Policies = $0
		$0.TextStylePolicy = $1
		$1.inheritsSet = null
		$1.scope = text/x-csharp
		$0.CSharpFormattingPolicy = $2
		$2.inheritsSet = Mono
		$2.inheritsScope = text/x-csharp
		$2.scope = text/x-csharp
		$0.TextStylePolicy = $3
		$3.FileWidth = 120
		$3.TabWidth = 4
		$3.IndentWidth = 4
		$3.EolMarker = Unix
		$3.inheritsSet = Mono
		$3.inheritsScope = text/plain
		$3.scope = text/plain
	EndGlobalSection

EndGlobal
